
Microsoft Visual Studio Solution File, Format Version 12.00
# Visual Studio 15
VisualStudioVersion = 15.0.28307.168
MinimumVisualStudioVersion = 10.0.40219.1
Project("{FAE04EC0-301F-11D3-BF4B-00C04F79EFBC}") = "Ex01", "Ex01\Ex01.csproj", "{C85D1EDD-DBE1-4CD1-A86E-027B544C74F7}"
EndProject
Project("{FAE04EC0-301F-11D3-BF4B-00C04F79EFBC}") = "Ex02", "Ex02\Ex02.csproj", "{FB3D4C80-1B19-4F7C-B943-FFE0F099F710}"
EndProject
Project("{FAE04EC0-301F-11D3-BF4B-00C04F79EFBC}") = "Ex03", "Ex03\Ex03.csproj", "{5E94EC24-1F39-46DA-9BE5-86E33304C81A}"
EndProject
Project("{FAE04EC0-301F-11D3-BF4B-00C04F79EFBC}") = "Ex04", "Ex04\Ex04.csproj", "{08FCBE11-67EF-407F-BFC5-3E59243D7907}"
EndProject
Project("{FAE04EC0-301F-11D3-BF4B-00C04F79EFBC}") = "Ex05_", "Ex05_\Ex05_.csproj", "{75B03CC9-9F86-4E52-BBDF-BAB3073B48BC}"
EndProject
Project("{FAE04EC0-301F-11D3-BF4B-00C04F79EFBC}") = "Ex06", "Ex06\Ex06.csproj", "{F5371C60-9B07-41C3-A41F-52E8DFC496DF}"
EndProject
Project("{FAE04EC0-301F-11D3-BF4B-00C04F79EFBC}") = "Ex07", "Ex07\Ex07.csproj", "{ED480984-A03F-4BD4-B073-72BD4C1030A0}"
EndProject
Global
	GlobalSection(SolutionConfigurationPlatforms) = preSolution
		Debug|Any CPU = Debug|Any CPU
		Release|Any CPU = Release|Any CPU
	EndGlobalSection
	GlobalSection(ProjectConfigurationPlatforms) = postSolution
		{C85D1EDD-DBE1-4CD1-A86E-027B544C74F7}.Debug|Any CPU.ActiveCfg = Debug|Any CPU
		{C85D1EDD-DBE1-4CD1-A86E-027B544C74F7}.Debug|Any CPU.Build.0 = Debug|Any CPU
		{C85D1EDD-DBE1-4CD1-A86E-027B544C74F7}.Release|Any CPU.ActiveCfg = Release|Any CPU
		{C85D1EDD-DBE1-4CD1-A86E-027B544C74F7}.Release|Any CPU.Build.0 = Release|Any CPU
		{FB3D4C80-1B19-4F7C-B943-FFE0F099F710}.Debug|Any CPU.ActiveCfg = Debug|Any CPU
		{FB3D4C80-1B19-4F7C-B943-FFE0F099F710}.Debug|Any CPU.Build.0 = Debug|Any CPU
		{FB3D4C80-1B19-4F7C-B943-FFE0F099F710}.Release|Any CPU.ActiveCfg = Release|Any CPU
		{FB3D4C80-1B19-4F7C-B943-FFE0F099F710}.Release|Any CPU.Build.0 = Release|Any CPU
		{5E94EC24-1F39-46DA-9BE5-86E33304C81A}.Debug|Any CPU.ActiveCfg = Debug|Any CPU
		{5E94EC24-1F39-46DA-9BE5-86E33304C81A}.Debug|Any CPU.Build.0 = Debug|Any CPU
		{5E94EC24-1F39-46DA-9BE5-86E33304C81A}.Release|Any CPU.ActiveCfg = Release|Any CPU
		{5E94EC24-1F39-46DA-9BE5-86E33304C81A}.Release|Any CPU.Build.0 = Release|Any CPU
		{08FCBE11-67EF-407F-BFC5-3E59243D7907}.Debug|Any CPU.ActiveCfg = Debug|Any CPU
		{08FCBE11-67EF-407F-BFC5-3E59243D7907}.Debug|Any CPU.Build.0 = Debug|Any CPU
		{08FCBE11-67EF-407F-BFC5-3E59243D7907}.Release|Any CPU.ActiveCfg = Release|Any CPU
		{08FCBE11-67EF-407F-BFC5-3E59243D7907}.Release|Any CPU.Build.0 = Release|Any CPU
		{75B03CC9-9F86-4E52-BBDF-BAB3073B48BC}.Debug|Any CPU.ActiveCfg = Debug|Any CPU
		{75B03CC9-9F86-4E52-BBDF-BAB3073B48BC}.Debug|Any CPU.Build.0 = Debug|Any CPU
		{75B03CC9-9F86-4E52-BBDF-BAB3073B48BC}.Release|Any CPU.ActiveCfg = Release|Any CPU
		{75B03CC9-9F86-4E52-BBDF-BAB3073B48BC}.Release|Any CPU.Build.0 = Release|Any CPU
		{F5371C60-9B07-41C3-A41F-52E8DFC496DF}.Debug|Any CPU.ActiveCfg = Debug|Any CPU
		{F5371C60-9B07-41C3-A41F-52E8DFC496DF}.Debug|Any CPU.Build.0 = Debug|Any CPU
		{F5371C60-9B07-41C3-A41F-52E8DFC496DF}.Release|Any CPU.ActiveCfg = Release|Any CPU
		{F5371C60-9B07-41C3-A41F-52E8DFC496DF}.Release|Any CPU.Build.0 = Release|Any CPU
		{ED480984-A03F-4BD4-B073-72BD4C1030A0}.Debug|Any CPU.ActiveCfg = Debug|Any CPU
		{ED480984-A03F-4BD4-B073-72BD4C1030A0}.Debug|Any CPU.Build.0 = Debug|Any CPU
		{ED480984-A03F-4BD4-B073-72BD4C1030A0}.Release|Any CPU.ActiveCfg = Release|Any CPU
		{ED480984-A03F-4BD4-B073-72BD4C1030A0}.Release|Any CPU.Build.0 = Release|Any CPU
	EndGlobalSection
	GlobalSection(SolutionProperties) = preSolution
		HideSolutionNode = FALSE
	EndGlobalSection
	GlobalSection(ExtensibilityGlobals) = postSolution
		SolutionGuid = {6EAC27CB-701C-4AA0-8852-22F4936FED3C}
	EndGlobalSection
EndGlobal
